
Microsoft Visual Studio Solution File, Format Version 12.00
# Visual Studio Version 16
VisualStudioVersion = 16.0.31729.503
MinimumVisualStudioVersion = 10.0.40219.1
Project("{FAE04EC0-301F-11D3-BF4B-00C04F79EFBC}") = "ReportCard", "ReportCard\ReportCard.csproj", "{54CDBA66-4519-4DA5-ACB4-6514C894F8A4}"
EndProject
Project("{00D1A9C2-B5F0-4AF3-8072-F6C62B433612}") = "ReportCard.DataBase", "ReportCard.DataBase\ReportCard.DataBase.sqlproj", "{3B8BD806-6A92-474A-B86F-9878B5259D58}"
EndProject
Project("{FAE04EC0-301F-11D3-BF4B-00C04F79EFBC}") = "ReportCard.Persistent", "ReportCard.Persistent\ReportCard.Persistent.csproj", "{99C885B5-971C-4241-A082-CB0AE1A904CC}"
EndProject
Project("{FAE04EC0-301F-11D3-BF4B-00C04F79EFBC}") = "ReportCard.Persistent.Tests", "ReportCard.Persistent.Tests\ReportCard.Persistent.Tests.csproj", "{7AC2B4DF-0BE7-4347-9E71-FE341C942C1B}"
EndProject
Project("{FAE04EC0-301F-11D3-BF4B-00C04F79EFBC}") = "ReportCard.Tests", "ReportCard.Tests\ReportCard.Tests.csproj", "{F435C696-8516-4DD3-97DE-6DB0853A6404}"
EndProject
Project("{FAE04EC0-301F-11D3-BF4B-00C04F79EFBC}") = "ReportCard.Domain", "ReportCard.Domain\ReportCard.Domain.csproj", "{436E2536-D24B-47C2-B952-1141BAD42912}"
EndProject
Global
	GlobalSection(SolutionConfigurationPlatforms) = preSolution
		Debug|Any CPU = Debug|Any CPU
		Release|Any CPU = Release|Any CPU
	EndGlobalSection
	GlobalSection(ProjectConfigurationPlatforms) = postSolution
		{54CDBA66-4519-4DA5-ACB4-6514C894F8A4}.Debug|Any CPU.ActiveCfg = Debug|Any CPU
		{54CDBA66-4519-4DA5-ACB4-6514C894F8A4}.Debug|Any CPU.Build.0 = Debug|Any CPU
		{54CDBA66-4519-4DA5-ACB4-6514C894F8A4}.Release|Any CPU.ActiveCfg = Release|Any CPU
		{54CDBA66-4519-4DA5-ACB4-6514C894F8A4}.Release|Any CPU.Build.0 = Release|Any CPU
		{3B8BD806-6A92-474A-B86F-9878B5259D58}.Debug|Any CPU.ActiveCfg = Debug|Any CPU
		{3B8BD806-6A92-474A-B86F-9878B5259D58}.Debug|Any CPU.Build.0 = Debug|Any CPU
		{3B8BD806-6A92-474A-B86F-9878B5259D58}.Debug|Any CPU.Deploy.0 = Debug|Any CPU
		{3B8BD806-6A92-474A-B86F-9878B5259D58}.Release|Any CPU.ActiveCfg = Release|Any CPU
		{3B8BD806-6A92-474A-B86F-9878B5259D58}.Release|Any CPU.Build.0 = Release|Any CPU
		{3B8BD806-6A92-474A-B86F-9878B5259D58}.Release|Any CPU.Deploy.0 = Release|Any CPU
		{99C885B5-971C-4241-A082-CB0AE1A904CC}.Debug|Any CPU.ActiveCfg = Debug|Any CPU
		{99C885B5-971C-4241-A082-CB0AE1A904CC}.Debug|Any CPU.Build.0 = Debug|Any CPU
		{99C885B5-971C-4241-A082-CB0AE1A904CC}.Release|Any CPU.ActiveCfg = Release|Any CPU
		{99C885B5-971C-4241-A082-CB0AE1A904CC}.Release|Any CPU.Build.0 = Release|Any CPU
		{7AC2B4DF-0BE7-4347-9E71-FE341C942C1B}.Debug|Any CPU.ActiveCfg = Debug|Any CPU
		{7AC2B4DF-0BE7-4347-9E71-FE341C942C1B}.Debug|Any CPU.Build.0 = Debug|Any CPU
		{7AC2B4DF-0BE7-4347-9E71-FE341C942C1B}.Release|Any CPU.ActiveCfg = Release|Any CPU
		{7AC2B4DF-0BE7-4347-9E71-FE341C942C1B}.Release|Any CPU.Build.0 = Release|Any CPU
		{F435C696-8516-4DD3-97DE-6DB0853A6404}.Debug|Any CPU.ActiveCfg = Debug|Any CPU
		{F435C696-8516-4DD3-97DE-6DB0853A6404}.Debug|Any CPU.Build.0 = Debug|Any CPU
		{F435C696-8516-4DD3-97DE-6DB0853A6404}.Release|Any CPU.ActiveCfg = Release|Any CPU
		{F435C696-8516-4DD3-97DE-6DB0853A6404}.Release|Any CPU.Build.0 = Release|Any CPU
		{436E2536-D24B-47C2-B952-1141BAD42912}.Debug|Any CPU.ActiveCfg = Debug|Any CPU
		{436E2536-D24B-47C2-B952-1141BAD42912}.Debug|Any CPU.Build.0 = Debug|Any CPU
		{436E2536-D24B-47C2-B952-1141BAD42912}.Release|Any CPU.ActiveCfg = Release|Any CPU
		{436E2536-D24B-47C2-B952-1141BAD42912}.Release|Any CPU.Build.0 = Release|Any CPU
	EndGlobalSection
	GlobalSection(SolutionProperties) = preSolution
		HideSolutionNode = FALSE
	EndGlobalSection
	GlobalSection(ExtensibilityGlobals) = postSolution
		SolutionGuid = {96C81591-3F39-4B09-88FC-619A095CA7B1}
	EndGlobalSection
EndGlobal
